
Microsoft Visual Studio Solution File, Format Version 12.00
# Visual Studio Version 16
VisualStudioVersion = 16.0.29418.71
MinimumVisualStudioVersion = 10.0.40219.1
Project("{FAE04EC0-301F-11D3-BF4B-00C04F79EFBC}") = "ExampleUsage", "ExampleUsage\ExampleUsage.csproj", "{2A745B1F-EA38-4876-B9E9-1C388945563F}"
EndProject
Project("{FAE04EC0-301F-11D3-BF4B-00C04F79EFBC}") = "X32Lib", "X32Lib\X32Lib.csproj", "{AF846DDF-F844-4AD4-86EF-93C05D4C71F3}"
EndProject
Global
	GlobalSection(SolutionConfigurationPlatforms) = preSolution
		Debug|Any CPU = Debug|Any CPU
		Release|Any CPU = Release|Any CPU
	EndGlobalSection
	GlobalSection(ProjectConfigurationPlatforms) = postSolution
		{2A745B1F-EA38-4876-B9E9-1C388945563F}.Debug|Any CPU.ActiveCfg = Debug|Any CPU
		{2A745B1F-EA38-4876-B9E9-1C388945563F}.Debug|Any CPU.Build.0 = Debug|Any CPU
		{2A745B1F-EA38-4876-B9E9-1C388945563F}.Release|Any CPU.ActiveCfg = Release|Any CPU
		{2A745B1F-EA38-4876-B9E9-1C388945563F}.Release|Any CPU.Build.0 = Release|Any CPU
		{AF846DDF-F844-4AD4-86EF-93C05D4C71F3}.Debug|Any CPU.ActiveCfg = Debug|Any CPU
		{AF846DDF-F844-4AD4-86EF-93C05D4C71F3}.Debug|Any CPU.Build.0 = Debug|Any CPU
		{AF846DDF-F844-4AD4-86EF-93C05D4C71F3}.Release|Any CPU.ActiveCfg = Release|Any CPU
		{AF846DDF-F844-4AD4-86EF-93C05D4C71F3}.Release|Any CPU.Build.0 = Release|Any CPU
	EndGlobalSection
	GlobalSection(SolutionProperties) = preSolution
		HideSolutionNode = FALSE
	EndGlobalSection
	GlobalSection(ExtensibilityGlobals) = postSolution
		SolutionGuid = {89ADDFE3-7ECE-4827-BAF6-E95FA4A7201F}
	EndGlobalSection
EndGlobal
